
Microsoft Visual Studio Solution File, Format Version 12.00
# Visual Studio Version 18
VisualStudioVersion = 18.3.11304.161 d18.3
MinimumVisualStudioVersion = 10.0.40219.1
Project("{9A19103F-16F7-4668-BE54-9A1E7A4F7556}") = "Apps.ClickUp", "ClickUp\Apps.ClickUp.csproj", "{1EA52DCB-451F-4722-9949-635F21C3B086}"
EndProject
Project("{FAE04EC0-301F-11D3-BF4B-00C04F79EFBC}") = "Tests.ClickUp", "Tests.ClickUp\Tests.ClickUp.csproj", "{ABE6BE7D-96C0-6036-4532-550F2AA40CE1}"
EndProject
Project("{2150E333-8FDC-42A3-9474-1A3956D46DE8}") = "Solution Items", "Solution Items", "{E1008505-4655-43D9-970A-D9A118CBB131}"
	ProjectSection(SolutionItems) = preProject
		README.md = README.md
	EndProjectSection
EndProject
Global
	GlobalSection(SolutionConfigurationPlatforms) = preSolution
		Debug|Any CPU = Debug|Any CPU
		Release|Any CPU = Release|Any CPU
	EndGlobalSection
	GlobalSection(ProjectConfigurationPlatforms) = postSolution
		{1EA52DCB-451F-4722-9949-635F21C3B086}.Debug|Any CPU.ActiveCfg = Debug|Any CPU
		{1EA52DCB-451F-4722-9949-635F21C3B086}.Debug|Any CPU.Build.0 = Debug|Any CPU
		{1EA52DCB-451F-4722-9949-635F21C3B086}.Release|Any CPU.ActiveCfg = Release|Any CPU
		{1EA52DCB-451F-4722-9949-635F21C3B086}.Release|Any CPU.Build.0 = Release|Any CPU
		{ABE6BE7D-96C0-6036-4532-550F2AA40CE1}.Debug|Any CPU.ActiveCfg = Debug|Any CPU
		{ABE6BE7D-96C0-6036-4532-550F2AA40CE1}.Debug|Any CPU.Build.0 = Debug|Any CPU
		{ABE6BE7D-96C0-6036-4532-550F2AA40CE1}.Release|Any CPU.ActiveCfg = Release|Any CPU
		{ABE6BE7D-96C0-6036-4532-550F2AA40CE1}.Release|Any CPU.Build.0 = Release|Any CPU
	EndGlobalSection
	GlobalSection(SolutionProperties) = preSolution
		HideSolutionNode = FALSE
	EndGlobalSection
	GlobalSection(ExtensibilityGlobals) = postSolution
		SolutionGuid = {E184EDE0-72C3-43B4-8851-6E6AEA54D61D}
	EndGlobalSection
EndGlobal
